{
  "requires": true,
  "lockfileVersion": 1,
  "dependencies": {
    "types-registry": {
      "version": "0.1.692",
      "resolved": "https://registry.npmjs.org/types-registry/-/types-registry-0.1.692.tgz",
      "integrity": "sha512-HPe64VRn0pCOZDyFvmb+dc/PTtDIGiia3IIIj9T3r8LbZUX+0/XHFKLOiQz7YMv901b49ripZtN+acGqtg4Uow=="
    }
  }
}
